
Microsoft Visual Studio Solution File, Format Version 12.00
# Visual Studio Version 17
VisualStudioVersion = 17.6.33829.357
MinimumVisualStudioVersion = 10.0.40219.1
Project("{FAE04EC0-301F-11D3-BF4B-00C04F79EFBC}") = "GitHelloWorld", "GitHelloWorld\GitHelloWorld.csproj", "{2A0DD303-A8CE-47D4-8F55-CD02FC4A2FD0}"
EndProject
Global
	GlobalSection(SolutionConfigurationPlatforms) = preSolution
		Debug|Any CPU = Debug|Any CPU
		Release|Any CPU = Release|Any CPU
	EndGlobalSection
	GlobalSection(ProjectConfigurationPlatforms) = postSolution
		{2A0DD303-A8CE-47D4-8F55-CD02FC4A2FD0}.Debug|Any CPU.ActiveCfg = Debug|Any CPU
		{2A0DD303-A8CE-47D4-8F55-CD02FC4A2FD0}.Debug|Any CPU.Build.0 = Debug|Any CPU
		{2A0DD303-A8CE-47D4-8F55-CD02FC4A2FD0}.Release|Any CPU.ActiveCfg = Release|Any CPU
		{2A0DD303-A8CE-47D4-8F55-CD02FC4A2FD0}.Release|Any CPU.Build.0 = Release|Any CPU
	EndGlobalSection
	GlobalSection(SolutionProperties) = preSolution
		HideSolutionNode = FALSE
	EndGlobalSection
	GlobalSection(ExtensibilityGlobals) = postSolution
		SolutionGuid = {23575483-FDCE-436D-B0D1-97CB1000F9D9}
	EndGlobalSection
EndGlobal
